
Microsoft Visual Studio Solution File, Format Version 12.00
# Visual Studio Version 16
VisualStudioVersion = 16.0.31112.23
MinimumVisualStudioVersion = 10.0.40219.1
Project("{FAE04EC0-301F-11D3-BF4B-00C04F79EFBC}") = "4kas.Android", "4kas\4kas.Android\4kas.Android.csproj", "{2B0283CE-5572-40A9-9562-51CE2E1CC97B}"
EndProject
Project("{FAE04EC0-301F-11D3-BF4B-00C04F79EFBC}") = "4kas.iOS", "4kas\4kas.iOS\4kas.iOS.csproj", "{D0E76DA3-60B5-4202-BBD9-BE590DAF389E}"
EndProject
Project("{FAE04EC0-301F-11D3-BF4B-00C04F79EFBC}") = "4kas", "4kas\4kas\4kas.csproj", "{18098FAD-CF53-4210-BEBE-F66E44B9FA39}"
EndProject
Global
	GlobalSection(SolutionConfigurationPlatforms) = preSolution
		Debug|Any CPU = Debug|Any CPU
		Debug|iPhone = Debug|iPhone
		Debug|iPhoneSimulator = Debug|iPhoneSimulator
		Release|Any CPU = Release|Any CPU
		Release|iPhone = Release|iPhone
		Release|iPhoneSimulator = Release|iPhoneSimulator
	EndGlobalSection
	GlobalSection(ProjectConfigurationPlatforms) = postSolution
		{2B0283CE-5572-40A9-9562-51CE2E1CC97B}.Debug|Any CPU.ActiveCfg = Debug|Any CPU
		{2B0283CE-5572-40A9-9562-51CE2E1CC97B}.Debug|Any CPU.Build.0 = Debug|Any CPU
		{2B0283CE-5572-40A9-9562-51CE2E1CC97B}.Debug|Any CPU.Deploy.0 = Debug|Any CPU
		{2B0283CE-5572-40A9-9562-51CE2E1CC97B}.Debug|iPhone.ActiveCfg = Debug|Any CPU
		{2B0283CE-5572-40A9-9562-51CE2E1CC97B}.Debug|iPhone.Build.0 = Debug|Any CPU
		{2B0283CE-5572-40A9-9562-51CE2E1CC97B}.Debug|iPhone.Deploy.0 = Debug|Any CPU
		{2B0283CE-5572-40A9-9562-51CE2E1CC97B}.Debug|iPhoneSimulator.ActiveCfg = Debug|Any CPU
		{2B0283CE-5572-40A9-9562-51CE2E1CC97B}.Debug|iPhoneSimulator.Build.0 = Debug|Any CPU
		{2B0283CE-5572-40A9-9562-51CE2E1CC97B}.Debug|iPhoneSimulator.Deploy.0 = Debug|Any CPU
		{2B0283CE-5572-40A9-9562-51CE2E1CC97B}.Release|Any CPU.ActiveCfg = Release|Any CPU
		{2B0283CE-5572-40A9-9562-51CE2E1CC97B}.Release|Any CPU.Build.0 = Release|Any CPU
		{2B0283CE-5572-40A9-9562-51CE2E1CC97B}.Release|Any CPU.Deploy.0 = Release|Any CPU
		{2B0283CE-5572-40A9-9562-51CE2E1CC97B}.Release|iPhone.ActiveCfg = Release|Any CPU
		{2B0283CE-5572-40A9-9562-51CE2E1CC97B}.Release|iPhone.Build.0 = Release|Any CPU
		{2B0283CE-5572-40A9-9562-51CE2E1CC97B}.Release|iPhone.Deploy.0 = Release|Any CPU
		{2B0283CE-5572-40A9-9562-51CE2E1CC97B}.Release|iPhoneSimulator.ActiveCfg = Release|Any CPU
		{2B0283CE-5572-40A9-9562-51CE2E1CC97B}.Release|iPhoneSimulator.Build.0 = Release|Any CPU
		{2B0283CE-5572-40A9-9562-51CE2E1CC97B}.Release|iPhoneSimulator.Deploy.0 = Release|Any CPU
		{D0E76DA3-60B5-4202-BBD9-BE590DAF389E}.Debug|Any CPU.ActiveCfg = Debug|iPhone
		{D0E76DA3-60B5-4202-BBD9-BE590DAF389E}.Debug|Any CPU.Build.0 = Debug|iPhone
		{D0E76DA3-60B5-4202-BBD9-BE590DAF389E}.Debug|Any CPU.Deploy.0 = Debug|iPhone
		{D0E76DA3-60B5-4202-BBD9-BE590DAF389E}.Debug|iPhone.ActiveCfg = Debug|iPhone
		{D0E76DA3-60B5-4202-BBD9-BE590DAF389E}.Debug|iPhone.Build.0 = Debug|iPhone
		{D0E76DA3-60B5-4202-BBD9-BE590DAF389E}.Debug|iPhone.Deploy.0 = Debug|iPhone
		{D0E76DA3-60B5-4202-BBD9-BE590DAF389E}.Debug|iPhoneSimulator.ActiveCfg = Debug|iPhoneSimulator
		{D0E76DA3-60B5-4202-BBD9-BE590DAF389E}.Debug|iPhoneSimulator.Build.0 = Debug|iPhoneSimulator
		{D0E76DA3-60B5-4202-BBD9-BE590DAF389E}.Debug|iPhoneSimulator.Deploy.0 = Debug|iPhoneSimulator
		{D0E76DA3-60B5-4202-BBD9-BE590DAF389E}.Release|Any CPU.ActiveCfg = Release|iPhoneSimulator
		{D0E76DA3-60B5-4202-BBD9-BE590DAF389E}.Release|Any CPU.Build.0 = Release|iPhoneSimulator
		{D0E76DA3-60B5-4202-BBD9-BE590DAF389E}.Release|Any CPU.Deploy.0 = Release|iPhoneSimulator
		{D0E76DA3-60B5-4202-BBD9-BE590DAF389E}.Release|iPhone.ActiveCfg = Release|iPhone
		{D0E76DA3-60B5-4202-BBD9-BE590DAF389E}.Release|iPhone.Build.0 = Release|iPhone
		{D0E76DA3-60B5-4202-BBD9-BE590DAF389E}.Release|iPhone.Deploy.0 = Release|iPhone
		{D0E76DA3-60B5-4202-BBD9-BE590DAF389E}.Release|iPhoneSimulator.ActiveCfg = Release|iPhoneSimulator
		{D0E76DA3-60B5-4202-BBD9-BE590DAF389E}.Release|iPhoneSimulator.Build.0 = Release|iPhoneSimulator
		{D0E76DA3-60B5-4202-BBD9-BE590DAF389E}.Release|iPhoneSimulator.Deploy.0 = Release|iPhoneSimulator
		{18098FAD-CF53-4210-BEBE-F66E44B9FA39}.Debug|Any CPU.ActiveCfg = Debug|Any CPU
		{18098FAD-CF53-4210-BEBE-F66E44B9FA39}.Debug|Any CPU.Build.0 = Debug|Any CPU
		{18098FAD-CF53-4210-BEBE-F66E44B9FA39}.Debug|Any CPU.Deploy.0 = Debug|Any CPU
		{18098FAD-CF53-4210-BEBE-F66E44B9FA39}.Debug|iPhone.ActiveCfg = Debug|Any CPU
		{18098FAD-CF53-4210-BEBE-F66E44B9FA39}.Debug|iPhone.Build.0 = Debug|Any CPU
		{18098FAD-CF53-4210-BEBE-F66E44B9FA39}.Debug|iPhone.Deploy.0 = Debug|Any CPU
		{18098FAD-CF53-4210-BEBE-F66E44B9FA39}.Debug|iPhoneSimulator.ActiveCfg = Debug|Any CPU
		{18098FAD-CF53-4210-BEBE-F66E44B9FA39}.Debug|iPhoneSimulator.Build.0 = Debug|Any CPU
		{18098FAD-CF53-4210-BEBE-F66E44B9FA39}.Debug|iPhoneSimulator.Deploy.0 = Debug|Any CPU
		{18098FAD-CF53-4210-BEBE-F66E44B9FA39}.Release|Any CPU.ActiveCfg = Release|Any CPU
		{18098FAD-CF53-4210-BEBE-F66E44B9FA39}.Release|Any CPU.Build.0 = Release|Any CPU
		{18098FAD-CF53-4210-BEBE-F66E44B9FA39}.Release|Any CPU.Deploy.0 = Release|Any CPU
		{18098FAD-CF53-4210-BEBE-F66E44B9FA39}.Release|iPhone.ActiveCfg = Release|Any CPU
		{18098FAD-CF53-4210-BEBE-F66E44B9FA39}.Release|iPhone.Build.0 = Release|Any CPU
		{18098FAD-CF53-4210-BEBE-F66E44B9FA39}.Release|iPhone.Deploy.0 = Release|Any CPU
		{18098FAD-CF53-4210-BEBE-F66E44B9FA39}.Release|iPhoneSimulator.ActiveCfg = Release|Any CPU
		{18098FAD-CF53-4210-BEBE-F66E44B9FA39}.Release|iPhoneSimulator.Build.0 = Release|Any CPU
		{18098FAD-CF53-4210-BEBE-F66E44B9FA39}.Release|iPhoneSimulator.Deploy.0 = Release|Any CPU
	EndGlobalSection
	GlobalSection(SolutionProperties) = preSolution
		HideSolutionNode = FALSE
	EndGlobalSection
	GlobalSection(ExtensibilityGlobals) = postSolution
		SolutionGuid = {883DD01F-9C2E-454A-812D-EAF7DD823807}
	EndGlobalSection
EndGlobal
